
Microsoft Visual Studio Solution File, Format Version 12.00
# Visual Studio Version 17
VisualStudioVersion = 17.12.35707.178
MinimumVisualStudioVersion = 10.0.40219.1
Project("{FAE04EC0-301F-11D3-BF4B-00C04F79EFBC}") = "ImageAnalyzerAI.Web", "ImageAnalyzerAI.Web\ImageAnalyzerAI.Web.csproj", "{65DC8C54-24B9-463E-AC8C-6EC6757896FE}"
EndProject
Project("{FAE04EC0-301F-11D3-BF4B-00C04F79EFBC}") = "ImageAnalyzerAI.WebJob", "ImageAnalyzerAI.WebJob\ImageAnalyzerAI.WebJob.csproj", "{3300ADC2-1401-4E89-ABAB-CB8850C6D744}"
EndProject
Global
	GlobalSection(SolutionConfigurationPlatforms) = preSolution
		Debug|Any CPU = Debug|Any CPU
		Release|Any CPU = Release|Any CPU
	EndGlobalSection
	GlobalSection(ProjectConfigurationPlatforms) = postSolution
		{65DC8C54-24B9-463E-AC8C-6EC6757896FE}.Debug|Any CPU.ActiveCfg = Debug|Any CPU
		{65DC8C54-24B9-463E-AC8C-6EC6757896FE}.Debug|Any CPU.Build.0 = Debug|Any CPU
		{65DC8C54-24B9-463E-AC8C-6EC6757896FE}.Release|Any CPU.ActiveCfg = Release|Any CPU
		{65DC8C54-24B9-463E-AC8C-6EC6757896FE}.Release|Any CPU.Build.0 = Release|Any CPU
		{3300ADC2-1401-4E89-ABAB-CB8850C6D744}.Debug|Any CPU.ActiveCfg = Debug|Any CPU
		{3300ADC2-1401-4E89-ABAB-CB8850C6D744}.Debug|Any CPU.Build.0 = Debug|Any CPU
		{3300ADC2-1401-4E89-ABAB-CB8850C6D744}.Release|Any CPU.ActiveCfg = Release|Any CPU
		{3300ADC2-1401-4E89-ABAB-CB8850C6D744}.Release|Any CPU.Build.0 = Release|Any CPU
	EndGlobalSection
	GlobalSection(SolutionProperties) = preSolution
		HideSolutionNode = FALSE
	EndGlobalSection
EndGlobal
